
Microsoft Visual Studio Solution File, Format Version 12.00
# Visual Studio Version 17
VisualStudioVersion = 17.3.32825.248
MinimumVisualStudioVersion = 10.0.40219.1
Project("{FAE04EC0-301F-11D3-BF4B-00C04F79EFBC}") = "GitHubDemo1", "GitHubDemo1\GitHubDemo1.csproj", "{EB975B87-6BA1-484C-8514-D1133C8A23A6}"
EndProject
Global
	GlobalSection(SolutionConfigurationPlatforms) = preSolution
		Debug|Any CPU = Debug|Any CPU
		Release|Any CPU = Release|Any CPU
	EndGlobalSection
	GlobalSection(ProjectConfigurationPlatforms) = postSolution
		{EB975B87-6BA1-484C-8514-D1133C8A23A6}.Debug|Any CPU.ActiveCfg = Debug|Any CPU
		{EB975B87-6BA1-484C-8514-D1133C8A23A6}.Debug|Any CPU.Build.0 = Debug|Any CPU
		{EB975B87-6BA1-484C-8514-D1133C8A23A6}.Release|Any CPU.ActiveCfg = Release|Any CPU
		{EB975B87-6BA1-484C-8514-D1133C8A23A6}.Release|Any CPU.Build.0 = Release|Any CPU
	EndGlobalSection
	GlobalSection(SolutionProperties) = preSolution
		HideSolutionNode = FALSE
	EndGlobalSection
	GlobalSection(ExtensibilityGlobals) = postSolution
		SolutionGuid = {708E3C9F-78E9-4B45-8EEE-EF0C7C728C24}
	EndGlobalSection
EndGlobal
